// !$*UTF8*$!
{
	archiveVersion = 1;
	classes = {
	};
	objectVersion = 50;
	objects = {

/* Begin PBXBuildFile section */
		97A782E1211E873800A1E729 /* AppDelegate.swift in Sources */ = {isa = PBXBuildFile; fileRef = 97A782E0211E873800A1E729 /* AppDelegate.swift */; };
		97A782E4211E873800A1E729 /* Model.swift in Sources */ = {isa = PBXBuildFile; fileRef = 97A782E3211E873800A1E729 /* Model.swift */; };
		97A782E6211E873800A1E729 /* Data.swift in Sources */ = {isa = PBXBuildFile; fileRef = 97A782E5211E873800A1E729 /* Data.swift */; };
		97A782E9211E873800A1E729 /* Main.storyboard in Resources */ = {isa = PBXBuildFile; fileRef = 97A782E7211E873800A1E729 /* Main.storyboard */; };
		97A782EC211E873800A1E729 /* Main.storyboard in Resources */ = {isa = PBXBuildFile; fileRef = 97A782EB211E873800A1E729 /* Main.storyboard */; };
		97A782EE211E873800A1E729 /* TableViewCell.swift in Sources */ = {isa = PBXBuildFile; fileRef = 97A782ED211E873800A1E729 /* TableViewCell.swift */; };
		97A782F1211E873800A1E729 /* ViewController.swift in Sources */ = {isa = PBXBuildFile; fileRef = 97A782F0211E873800A1E729 /* ViewController.swift */; };
		97A782F3211E873A00A1E729 /* Assets.xcassets in Resources */ = {isa = PBXBuildFile; fileRef = 97A782F2211E873A00A1E729 /* Assets.xcassets */; };
		97A782F6211E873A00A1E729 /* LaunchScreen.storyboard in Resources */ = {isa = PBXBuildFile; fileRef = 97A782F4211E873A00A1E729 /* LaunchScreen.storyboard */; };
/* End PBXBuildFile section */

/* Begin PBXFileReference section */
		97A782DD211E873800A1E729 /* Prototype Project.app */ = {isa = PBXFileReference; explicitFileType = wrapper.application; includeInIndex = 0; path = "Prototype Project.app"; sourceTree = BUILT_PRODUCTS_DIR; };
		97A782E0211E873800A1E729 /* AppDelegate.swift */ = {isa = PBXFileReference; lastKnownFileType = sourcecode.swift; path = AppDelegate.swift; sourceTree = "<group>"; };
		97A782E3211E873800A1E729 /* Model.swift */ = {isa = PBXFileReference; lastKnownFileType = sourcecode.swift; path = Model.swift; sourceTree = "<group>"; };
		97A782E5211E873800A1E729 /* Data.swift */ = {isa = PBXFileReference; lastKnownFileType = sourcecode.swift; path = Data.swift; sourceTree = "<group>"; };
		97A782E8211E873800A1E729 /* Base */ = {isa = PBXFileReference; lastKnownFileType = file.storyboard; name = Base; path = Base.lproj/Main.storyboard; sourceTree = "<group>"; };
		97A782EB211E873800A1E729 /* Main.storyboard */ = {isa = PBXFileReference; lastKnownFileType = file.storyboard; path = Main.storyboard; sourceTree = "<group>"; };
		97A782ED211E873800A1E729 /* TableViewCell.swift */ = {isa = PBXFileReference; lastKnownFileType = sourcecode.swift; path = TableViewCell.swift; sourceTree = "<group>"; };
		97A782F0211E873800A1E729 /* ViewController.swift */ = {isa = PBXFileReference; lastKnownFileType = sourcecode.swift; path = ViewController.swift; sourceTree = "<group>"; };
		97A782F2211E873A00A1E729 /* Assets.xcassets */ = {isa = PBXFileReference; lastKnownFileType = folder.assetcatalog; path = Assets.xcassets; sourceTree = "<group>"; };
		97A782F5211E873A00A1E729 /* Base */ = {isa = PBXFileReference; lastKnownFileType = file.storyboard; name = Base; path = Base.lproj/LaunchScreen.storyboard; sourceTree = "<group>"; };
		97A782F7211E873A00A1E729 /* Info.plist */ = {isa = PBXFileReference; lastKnownFileType = text.plist.xml; path = Info.plist; sourceTree = "<group>"; };
/* End PBXFileReference section */

/* Begin PBXFrameworksBuildPhase section */
		97A782DA211E873800A1E729 /* Frameworks */ = {
			isa = PBXFrameworksBuildPhase;
			buildActionMask = 2147483647;
			files = (
			);
			runOnlyForDeploymentPostprocessing = 0;
		};
/* End PBXFrameworksBuildPhase section */

/* Begin PBXGroup section */
		97A782D4211E873800A1E729 = {
			isa = PBXGroup;
			children = (
				97A782DF211E873800A1E729 /* Prototype Project */,
				97A782DE211E873800A1E729 /* Products */,
			);
			sourceTree = "<group>";
		};
		97A782DE211E873800A1E729 /* Products */ = {
			isa = PBXGroup;
			children = (
				97A782DD211E873800A1E729 /* Prototype Project.app */,
			);
			name = Products;
			sourceTree = "<group>";
		};
		97A782DF211E873800A1E729 /* Prototype Project */ = {
			isa = PBXGroup;
			children = (
				97A782E0211E873800A1E729 /* AppDelegate.swift */,
				97A782E7211E873800A1E729 /* Main.storyboard */,
				97A782F2211E873A00A1E729 /* Assets.xcassets */,
				97A782F4211E873A00A1E729 /* LaunchScreen.storyboard */,
				97A782F7211E873A00A1E729 /* Info.plist */,
				97A782E2211E873800A1E729 /* Model */,
				97A782EA211E873800A1E729 /* View */,
				97A782EF211E873800A1E729 /* Controller */,
			);
			path = "Prototype Project";
			sourceTree = "<group>";
		};
		97A782E2211E873800A1E729 /* Model */ = {
			isa = PBXGroup;
			children = (
				97A782E3211E873800A1E729 /* Model.swift */,
				97A782E5211E873800A1E729 /* Data.swift */,
			);
			name = Model;
			sourceTree = "<group>";
		};
		97A782EA211E873800A1E729 /* View */ = {
			isa = PBXGroup;
			children = (
				97A782EB211E873800A1E729 /* Main.storyboard */,
				97A782ED211E873800A1E729 /* TableViewCell.swift */,
			);
			name = View;
			sourceTree = "<group>";
		};
		97A782EF211E873800A1E729 /* Controller */ = {
			isa = PBXGroup;
			children = (
				97A782F0211E873800A1E729 /* ViewController.swift */,
			);
			name = Controller;
			sourceTree = "<group>";
		};
/* End PBXGroup section */

/* Begin PBXNativeTarget section */
		97A782DC211E873800A1E729 /* Prototype Project */ = {
			isa = PBXNativeTarget;
			buildConfigurationList = 97A782FA211E873A00A1E729 /* Build configuration list for PBXNativeTarget "Prototype Project" */;
			buildPhases = (
				97A782D9211E873800A1E729 /* Sources */,
				97A782DA211E873800A1E729 /* Frameworks */,
				97A782DB211E873800A1E729 /* Resources */,
			);
			buildRules = (
			);
			dependencies = (
			);
			name = "Prototype Project";
			productName = "Prototype Project";
			productReference = 97A782DD211E873800A1E729 /* Prototype Project.app */;
			productType = "com.apple.product-type.application";
		};
/* End PBXNativeTarget section */

/* Begin PBXProject section */
		97A782D5211E873800A1E729 /* Project object */ = {
			isa = PBXProject;
			attributes = {
				LastSwiftUpdateCheck = 0940;
				LastUpgradeCheck = 0940;
				ORGANIZATIONNAME = "Bhushan Joshi";
				TargetAttributes = {
					97A782DC211E873800A1E729 = {
						CreatedOnToolsVersion = 9.4.1;
					};
				};
			};
			buildConfigurationList = 97A782D8211E873800A1E729 /* Build configuration list for PBXProject "Prototype Project" */;
			compatibilityVersion = "Xcode 9.3";
			developmentRegion = en;
			hasScannedForEncodings = 0;
			knownRegions = (
				en,
				Base,
			);
			mainGroup = 97A782D4211E873800A1E729;
			productRefGroup = 97A782DE211E873800A1E729 /* Products */;
			projectDirPath = "";
			projectRoot = "";
			targets = (
				97A782DC211E873800A1E729 /* Prototype Project */,
			);
		};
/* End PBXProject section */

/* Begin PBXResourcesBuildPhase section */
		97A782DB211E873800A1E729 /* Resources */ = {
			isa = PBXResourcesBuildPhase;
			buildActionMask = 2147483647;
			files = (
				97A782E9211E873800A1E729 /* Main.storyboard in Resources */,
				97A782F6211E873A00A1E729 /* LaunchScreen.storyboard in Resources */,
				97A782F3211E873A00A1E729 /* Assets.xcassets in Resources */,
				97A782EC211E873800A1E729 /* Main.storyboard in Resources */,
			);
			runOnlyForDeploymentPostprocessing = 0;
		};
/* End PBXResourcesBuildPhase section */

/* Begin PBXSourcesBuildPhase section */
		97A782D9211E873800A1E729 /* Sources */ = {
			isa = PBXSourcesBuildPhase;
			buildActionMask = 2147483647;
			files = (
				97A782F1211E873800A1E729 /* ViewController.swift in Sources */,
				97A782E1211E873800A1E729 /* AppDelegate.swift in Sources */,
				97A782EE211E873800A1E729 /* TableViewCell.swift in Sources */,
				97A782E6211E873800A1E729 /* Data.swift in Sources */,
				97A782E4211E873800A1E729 /* Model.swift in Sources */,
			);
			runOnlyForDeploymentPostprocessing = 0;
		};
/* End PBXSourcesBuildPhase section */

/* Begin PBXVariantGroup section */
		97A782E7211E873800A1E729 /* Main.storyboard */ = {
			isa = PBXVariantGroup;
			children = (
				97A782E8211E873800A1E729 /* Base */,
			);
			name = Main.storyboard;
			sourceTree = "<group>";
		};
		97A782F4211E873A00A1E729 /* LaunchScreen.storyboard */ = {
			isa = PBXVariantGroup;
			children = (
				97A782F5211E873A00A1E729 /* Base */,
			);
			name = LaunchScreen.storyboard;
			sourceTree = "<group>";
		};
/* End PBXVariantGroup section */

/* Begin XCBuildConfiguration section */
		97A782F8211E873A00A1E729 /* Debug */ = {
			isa = XCBuildConfiguration;
			buildSettings = {
				ALWAYS_SEARCH_USER_PATHS = NO;
				CLANG_ANALYZER_NONNULL = YES;
				CLANG_ANALYZER_NUMBER_OBJECT_CONVERSION = YES_AGGRESSIVE;
				CLANG_CXX_LANGUAGE_STANDARD = "gnu++14";
				CLANG_CXX_LIBRARY = "libc++";
				CLANG_ENABLE_MODULES = YES;
				CLANG_ENABLE_OBJC_ARC = YES;
				CLANG_ENABLE_OBJC_WEAK = YES;
				CLANG_WARN_BLOCK_CAPTURE_AUTORELEASING = YES;
				CLANG_WARN_BOOL_CONVERSION = YES;
				CLANG_WARN_COMMA = YES;
				CLANG_WARN_CONSTANT_CONVERSION = YES;
				CLANG_WARN_DEPRECATED_OBJC_IMPLEMENTATIONS = YES;
				CLANG_WARN_DIRECT_OBJC_ISA_USAGE = YES_ERROR;
				CLANG_WARN_DOCUMENTATION_COMMENTS = YES;
				CLANG_WARN_EMPTY_BODY = YES;
				CLANG_WARN_ENUM_CONVERSION = YES;
				CLANG_WARN_INFINITE_RECURSION = YES;
				CLANG_WARN_INT_CONVERSION = YES;
				CLANG_WARN_NON_LITERAL_NULL_CONVERSION = YES;
				CLANG_WARN_OBJC_IMPLICIT_RETAIN_SELF = YES;
				CLANG_WARN_OBJC_LITERAL_CONVERSION = YES;
				CLANG_WARN_OBJC_ROOT_CLASS = YES_ERROR;
				CLANG_WARN_RANGE_LOOP_ANALYSIS = YES;
				CLANG_WARN_STRICT_PROTOTYPES = YES;
				CLANG_WARN_SUSPICIOUS_MOVE = YES;
				CLANG_WARN_UNGUARDED_AVAILABILITY = YES_AGGRESSIVE;
				CLANG_WARN_UNREACHABLE_CODE = YES;
				CLANG_WARN__DUPLICATE_METHOD_MATCH = YES;
				CODE_SIGN_IDENTITY = "iPhone Developer";
				COPY_PHASE_STRIP = NO;
				DEBUG_INFORMATION_FORMAT = dwarf;
				ENABLE_STRICT_OBJC_MSGSEND = YES;
				ENABLE_TESTABILITY = YES;
				GCC_C_LANGUAGE_STANDARD = gnu11;
				GCC_DYNAMIC_NO_PIC = NO;
				GCC_NO_COMMON_BLOCKS = YES;
				GCC_OPTIMIZATION_LEVEL = 0;
				GCC_PREPROCESSOR_DEFINITIONS = (
					"DEBUG=1",
					"$(inherited)",
				);
				GCC_WARN_64_TO_32_BIT_CONVERSION = YES;
				GCC_WARN_ABOUT_RETURN_TYPE = YES_ERROR;
				GCC_WARN_UNDECLARED_SELECTOR = YES;
				GCC_WARN_UNINITIALIZED_AUTOS = YES_AGGRESSIVE;
				GCC_WARN_UNUSED_FUNCTION = YES;
				GCC_WARN_UNUSED_VARIABLE = YES;
				IPHONEOS_DEPLOYMENT_TARGET = 11.4;
				MTL_ENABLE_DEBUG_INFO = YES;
				ONLY_ACTIVE_ARCH = YES;
				SDKROOT = iphoneos;
				SWIFT_ACTIVE_COMPILATION_CONDITIONS = DEBUG;
				SWIFT_OPTIMIZATION_LEVEL = "-Onone";
			};
			name = Debug;
		};
		97A782F9211E873A00A1E729 /* Release */ = {
			isa = XCBuildConfiguration;
			buildSettings = {
				ALWAYS_SEARCH_USER_PATHS = NO;
				CLANG_ANALYZER_NONNULL = YES;
				CLANG_ANALYZER_NUMBER_OBJECT_CONVERSION = YES_AGGRESSIVE;
				CLANG_CXX_LANGUAGE_STANDARD = "gnu++14";
				CLANG_CXX_LIBRARY = "libc++";
				CLANG_ENABLE_MODULES = YES;
				CLANG_ENABLE_OBJC_ARC = YES;
				CLANG_ENABLE_OBJC_WEAK = YES;
				CLANG_WARN_BLOCK_CAPTURE_AUTORELEASING = YES;
				CLANG_WARN_BOOL_CONVERSION = YES;
				CLANG_WARN_COMMA = YES;
				CLANG_WARN_CONSTANT_CONVERSION = YES;
				CLANG_WARN_DEPRECATED_OBJC_IMPLEMENTATIONS = YES;
				CLANG_WARN_DIRECT_OBJC_ISA_USAGE = YES_ERROR;
				CLANG_WARN_DOCUMENTATION_COMMENTS = YES;
				CLANG_WARN_EMPTY_BODY = YES;
				CLANG_WARN_ENUM_CONVERSION = YES;
				CLANG_WARN_INFINITE_RECURSION = YES;
				CLANG_WARN_INT_CONVERSION = YES;
				CLANG_WARN_NON_LITERAL_NULL_CONVERSION = YES;
				CLANG_WARN_OBJC_IMPLICIT_RETAIN_SELF = YES;
				CLANG_WARN_OBJC_LITERAL_CONVERSION = YES;
				CLANG_WARN_OBJC_ROOT_CLASS = YES_ERROR;
				CLANG_WARN_RANGE_LOOP_ANALYSIS = YES;
				CLANG_WARN_STRICT_PROTOTYPES = YES;
				CLANG_WARN_SUSPICIOUS_MOVE = YES;
				CLANG_WARN_UNGUARDED_AVAILABILITY = YES_AGGRESSIVE;
				CLANG_WARN_UNREACHABLE_CODE = YES;
				CLANG_WARN__DUPLICATE_METHOD_MATCH = YES;
				CODE_SIGN_IDENTITY = "iPhone Developer";
				COPY_PHASE_STRIP = NO;
				DEBUG_INFORMATION_FORMAT = "dwarf-with-dsym";
				ENABLE_NS_ASSERTIONS = NO;
				ENABLE_STRICT_OBJC_MSGSEND = YES;
				GCC_C_LANGUAGE_STANDARD = gnu11;
				GCC_NO_COMMON_BLOCKS = YES;
				GCC_WARN_64_TO_32_BIT_CONVERSION = YES;
				GCC_WARN_ABOUT_RETURN_TYPE = YES_ERROR;
				GCC_WARN_UNDECLARED_SELECTOR = YES;
				GCC_WARN_UNINITIALIZED_AUTOS = YES_AGGRESSIVE;
				GCC_WARN_UNUSED_FUNCTION = YES;
				GCC_WARN_UNUSED_VARIABLE = YES;
				IPHONEOS_DEPLOYMENT_TARGET = 11.4;
				MTL_ENABLE_DEBUG_INFO = NO;
				SDKROOT = iphoneos;
				SWIFT_COMPILATION_MODE = wholemodule;
				SWIFT_OPTIMIZATION_LEVEL = "-O";
				VALIDATE_PRODUCT = YES;
			};
			name = Release;
		};
		97A782FB211E873A00A1E729 /* Debug */ = {
			isa = XCBuildConfiguration;
			buildSettings = {
				ASSETCATALOG_COMPILER_APPICON_NAME = AppIcon;
				CODE_SIGN_STYLE = Automatic;
				DEVELOPMENT_TEAM = 9EQ7QJ5UJY;
				INFOPLIST_FILE = "Prototype Project/Info.plist";
				LD_RUNPATH_SEARCH_PATHS = (
					"$(inherited)",
					"@executable_path/Frameworks",
				);
				PRODUCT_BUNDLE_IDENTIFIER = "com.Bhushan.Prototype-Project";
				PRODUCT_NAME = "$(TARGET_NAME)";
				SWIFT_VERSION = 4.0;
				TARGETED_DEVICE_FAMILY = "1,2";
			};
			name = Debug;
		};
		97A782FC211E873A00A1E729 /* Release */ = {
			isa = XCBuildConfiguration;
			buildSettings = {
				ASSETCATALOG_COMPILER_APPICON_NAME = AppIcon;
				CODE_SIGN_STYLE = Automatic;
				DEVELOPMENT_TEAM = 9EQ7QJ5UJY;
				INFOPLIST_FILE = "Prototype Project/Info.plist";
				LD_RUNPATH_SEARCH_PATHS = (
					"$(inherited)",
					"@executable_path/Frameworks",
				);
				PRODUCT_BUNDLE_IDENTIFIER = "com.Bhushan.Prototype-Project";
				PRODUCT_NAME = "$(TARGET_NAME)";
				SWIFT_VERSION = 4.0;
				TARGETED_DEVICE_FAMILY = "1,2";
			};
			name = Release;
		};
/* End XCBuildConfiguration section */

/* Begin XCConfigurationList section */
		97A782D8211E873800A1E729 /* Build configuration list for PBXProject "Prototype Project" */ = {
			isa = XCConfigurationList;
			buildConfigurations = (
				97A782F8211E873A00A1E729 /* Debug */,
				97A782F9211E873A00A1E729 /* Release */,
			);
			defaultConfigurationIsVisible = 0;
			defaultConfigurationName = Release;
		};
		97A782FA211E873A00A1E729 /* Build configuration list for PBXNativeTarget "Prototype Project" */ = {
			isa = XCConfigurationList;
			buildConfigurations = (
				97A782FB211E873A00A1E729 /* Debug */,
				97A782FC211E873A00A1E729 /* Release */,
			);
			defaultConfigurationIsVisible = 0;
			defaultConfigurationName = Release;
		};
/* End XCConfigurationList section */
	};
	rootObject = 97A782D5211E873800A1E729 /* Project object */;
}
